
Microsoft Visual Studio Solution File, Format Version 12.00
# Visual Studio Version 17
VisualStudioVersion = 17.10.35004.147
MinimumVisualStudioVersion = 10.0.40219.1
Project("{9A19103F-16F7-4668-BE54-9A1E7A4F7556}") = "backend.api", "backend.api\backend.api.csproj", "{0BEF4D69-BD54-4A18-8320-650A765EBCEC}"
EndProject
Project("{2150E333-8FDC-42A3-9474-1A3956D46DE8}") = "Solution Items", "Solution Items", "{FCF58EA8-6739-43D9-8653-F9009F11FDCC}"
	ProjectSection(SolutionItems) = preProject
		.gitattributes = .gitattributes
		.gitignore = .gitignore
		postman\fullstack.postman_collection.json = postman\fullstack.postman_collection.json
		postman\fullstack.postman_environment.json = postman\fullstack.postman_environment.json
		LICENSE.txt = LICENSE.txt
		README.md = README.md
	EndProjectSection
EndProject
Project("{FAE04EC0-301F-11D3-BF4B-00C04F79EFBC}") = "backend.data", "backend.data\backend.data.csproj", "{F06F06D9-96CA-4079-B146-A0DC371B6D1E}"
EndProject
Project("{9A19103F-16F7-4668-BE54-9A1E7A4F7556}") = "backend.api.Tests", "backend.api.Tests\backend.api.Tests.csproj", "{119BB10A-C53B-4E6D-AF95-F1A0B490A2A2}"
EndProject
Global
	GlobalSection(SolutionConfigurationPlatforms) = preSolution
		Debug|Any CPU = Debug|Any CPU
		Release|Any CPU = Release|Any CPU
	EndGlobalSection
	GlobalSection(ProjectConfigurationPlatforms) = postSolution
		{0BEF4D69-BD54-4A18-8320-650A765EBCEC}.Debug|Any CPU.ActiveCfg = Debug|Any CPU
		{0BEF4D69-BD54-4A18-8320-650A765EBCEC}.Debug|Any CPU.Build.0 = Debug|Any CPU
		{0BEF4D69-BD54-4A18-8320-650A765EBCEC}.Release|Any CPU.ActiveCfg = Release|Any CPU
		{0BEF4D69-BD54-4A18-8320-650A765EBCEC}.Release|Any CPU.Build.0 = Release|Any CPU
		{F06F06D9-96CA-4079-B146-A0DC371B6D1E}.Debug|Any CPU.ActiveCfg = Debug|Any CPU
		{F06F06D9-96CA-4079-B146-A0DC371B6D1E}.Debug|Any CPU.Build.0 = Debug|Any CPU
		{F06F06D9-96CA-4079-B146-A0DC371B6D1E}.Release|Any CPU.ActiveCfg = Release|Any CPU
		{F06F06D9-96CA-4079-B146-A0DC371B6D1E}.Release|Any CPU.Build.0 = Release|Any CPU
		{119BB10A-C53B-4E6D-AF95-F1A0B490A2A2}.Debug|Any CPU.ActiveCfg = Debug|Any CPU
		{119BB10A-C53B-4E6D-AF95-F1A0B490A2A2}.Debug|Any CPU.Build.0 = Debug|Any CPU
		{119BB10A-C53B-4E6D-AF95-F1A0B490A2A2}.Release|Any CPU.ActiveCfg = Release|Any CPU
		{119BB10A-C53B-4E6D-AF95-F1A0B490A2A2}.Release|Any CPU.Build.0 = Release|Any CPU
	EndGlobalSection
	GlobalSection(SolutionProperties) = preSolution
		HideSolutionNode = FALSE
	EndGlobalSection
	GlobalSection(ExtensibilityGlobals) = postSolution
		SolutionGuid = {5010D0DB-921A-4415-A7E8-B4C1C6900C13}
	EndGlobalSection
EndGlobal
